
Microsoft Visual Studio Solution File, Format Version 12.00
# Visual Studio Version 17
VisualStudioVersion = 17.0.32126.317
MinimumVisualStudioVersion = 10.0.40219.1
Project("{FAE04EC0-301F-11D3-BF4B-00C04F79EFBC}") = "Assignment 1-Working with Relationships", "Assignment 1-Working with Relationships\Assignment 1-Working with Relationships.csproj", "{B12A7A49-37F5-4A12-9791-9F6ED648B15C}"
	ProjectSection(ProjectDependencies) = postProject
		{B7098D16-3120-44B2-B813-348EFDDD096C} = {B7098D16-3120-44B2-B813-348EFDDD096C}
	EndProjectSection
EndProject
Project("{FAE04EC0-301F-11D3-BF4B-00C04F79EFBC}") = "Core", "Core\Core.csproj", "{B7098D16-3120-44B2-B813-348EFDDD096C}"
EndProject
Global
	GlobalSection(SolutionConfigurationPlatforms) = preSolution
		Debug|Any CPU = Debug|Any CPU
		Release|Any CPU = Release|Any CPU
	EndGlobalSection
	GlobalSection(ProjectConfigurationPlatforms) = postSolution
		{B12A7A49-37F5-4A12-9791-9F6ED648B15C}.Debug|Any CPU.ActiveCfg = Debug|Any CPU
		{B12A7A49-37F5-4A12-9791-9F6ED648B15C}.Debug|Any CPU.Build.0 = Debug|Any CPU
		{B12A7A49-37F5-4A12-9791-9F6ED648B15C}.Release|Any CPU.ActiveCfg = Release|Any CPU
		{B12A7A49-37F5-4A12-9791-9F6ED648B15C}.Release|Any CPU.Build.0 = Release|Any CPU
		{B7098D16-3120-44B2-B813-348EFDDD096C}.Debug|Any CPU.ActiveCfg = Debug|Any CPU
		{B7098D16-3120-44B2-B813-348EFDDD096C}.Debug|Any CPU.Build.0 = Debug|Any CPU
		{B7098D16-3120-44B2-B813-348EFDDD096C}.Release|Any CPU.ActiveCfg = Release|Any CPU
		{B7098D16-3120-44B2-B813-348EFDDD096C}.Release|Any CPU.Build.0 = Release|Any CPU
	EndGlobalSection
	GlobalSection(SolutionProperties) = preSolution
		HideSolutionNode = FALSE
	EndGlobalSection
	GlobalSection(ExtensibilityGlobals) = postSolution
		SolutionGuid = {2B6B8051-7407-400A-BD74-1C7B503B5DF1}
	EndGlobalSection
EndGlobal
